
Microsoft Visual Studio Solution File, Format Version 12.00
# Visual Studio Version 17
VisualStudioVersion = 17.9.34607.119
MinimumVisualStudioVersion = 10.0.40219.1
Project("{9A19103F-16F7-4668-BE54-9A1E7A4F7556}") = "GpaCalculator", "GpaCalculator\GpaCalculator.csproj", "{7FD54162-F0C1-4AB1-930B-F5973A5939C6}"
EndProject
Project("{FAE04EC0-301F-11D3-BF4B-00C04F79EFBC}") = "GpaCalculator.Tests", "GpaCalculator.Tests\GpaCalculator.Tests.csproj", "{F350B208-437D-4812-883C-E92870614331}"
EndProject
Global
	GlobalSection(SolutionConfigurationPlatforms) = preSolution
		Debug|Any CPU = Debug|Any CPU
		Release|Any CPU = Release|Any CPU
	EndGlobalSection
	GlobalSection(ProjectConfigurationPlatforms) = postSolution
		{7FD54162-F0C1-4AB1-930B-F5973A5939C6}.Debug|Any CPU.ActiveCfg = Debug|Any CPU
		{7FD54162-F0C1-4AB1-930B-F5973A5939C6}.Debug|Any CPU.Build.0 = Debug|Any CPU
		{7FD54162-F0C1-4AB1-930B-F5973A5939C6}.Release|Any CPU.ActiveCfg = Release|Any CPU
		{7FD54162-F0C1-4AB1-930B-F5973A5939C6}.Release|Any CPU.Build.0 = Release|Any CPU
		{F350B208-437D-4812-883C-E92870614331}.Debug|Any CPU.ActiveCfg = Debug|Any CPU
		{F350B208-437D-4812-883C-E92870614331}.Debug|Any CPU.Build.0 = Debug|Any CPU
		{F350B208-437D-4812-883C-E92870614331}.Release|Any CPU.ActiveCfg = Release|Any CPU
		{F350B208-437D-4812-883C-E92870614331}.Release|Any CPU.Build.0 = Release|Any CPU
	EndGlobalSection
	GlobalSection(SolutionProperties) = preSolution
		HideSolutionNode = FALSE
	EndGlobalSection
	GlobalSection(ExtensibilityGlobals) = postSolution
		SolutionGuid = {F3D25913-6AB4-401A-9029-215E21ACDAE7}
	EndGlobalSection
EndGlobal
